{
    "_readme": [
        "This file locks the dependencies of your project to a known state",
        "Read more about it at https://getcomposer.org/doc/01-basic-usage.md#installing-dependencies",
        "This file is @generated automatically"
    ],
    "content-hash": "fbba83eff85157a0c435fc6630438c79",
    "packages": [
        {
            "name": "kartik-v/yii2-krajee-base",
            "version": "v3.0.5",
            "source": {
                "type": "git",
                "url": "https://github.com/kartik-v/yii2-krajee-base.git",
                "reference": "5c095126d1be47e0bb1f92779b7dc099f6feae31"
            },
            "dist": {
                "type": "zip",
                "url": "https://api.github.com/repos/kartik-v/yii2-krajee-base/zipball/5c095126d1be47e0bb1f92779b7dc099f6feae31",
                "reference": "5c095126d1be47e0bb1f92779b7dc099f6feae31",
                "shasum": ""
            },
            "suggest": {
                "yiisoft/yii2-bootstrap": "for Krajee extensions to work with Bootstrap 3.x version",
                "yiisoft/yii2-bootstrap4": "for Krajee extensions to work with Bootstrap 4.x version",
                "yiisoft/yii2-bootstrap5": "for Krajee extensions to work with Bootstrap 5.x version"
            },
            "type": "yii2-extension",
            "extra": {
                "branch-alias": {
                    "dev-master": "3.0.x-dev"
                }
            },
            "autoload": {
                "psr-4": {
                    "kartik\\base\\": "src"
                }
            },
            "notification-url": "https://packagist.org/downloads/",
            "license": [
                "BSD-3-Clause"
            ],
            "authors": [
                {
                    "name": "Kartik Visweswaran",
                    "email": "kartikv2@gmail.com",
                    "homepage": "http://www.krajee.com/"
                }
            ],
            "description": "Base library and foundation components for all Yii2 Krajee extensions.",
            "homepage": "https://github.com/kartik-v/yii2-krajee-base",
            "keywords": [
                "base",
                "extension",
                "foundation",
                "krajee",
                "widget",
                "yii2"
            ],
            "support": {
                "issues": "https://github.com/kartik-v/yii2-krajee-base/issues",
                "source": "https://github.com/kartik-v/yii2-krajee-base/tree/v3.0.5"
            },
            "time": "2022-06-01T14:05:39+00:00"
        },
        {
            "name": "kartik-v/yii2-widget-select2",
            "version": "v2.2.5",
            "source": {
                "type": "git",
                "url": "https://github.com/kartik-v/yii2-widget-select2.git",
                "reference": "4b8ef7dd9780531fc997fa23a53a38a1f7674bec"
            },
            "dist": {
                "type": "zip",
                "url": "https://api.github.com/repos/kartik-v/yii2-widget-select2/zipball/4b8ef7dd9780531fc997fa23a53a38a1f7674bec",
                "reference": "4b8ef7dd9780531fc997fa23a53a38a1f7674bec",
                "shasum": ""
            },
            "require": {
                "kartik-v/yii2-krajee-base": ">=3.0.4",
                "select2/select2": ">=4.0.0"
            },
            "type": "yii2-extension",
            "extra": {
                "branch-alias": {
                    "dev-master": "2.2.x-dev"
                }
            },
            "autoload": {
                "psr-4": {
                    "kartik\\select2\\": "src"
                }
            },
            "notification-url": "https://packagist.org/downloads/",
            "license": [
                "BSD-3-Clause"
            ],
            "authors": [
                {
                    "name": "Kartik Visweswaran",
                    "email": "kartikv2@gmail.com",
                    "homepage": "http://www.krajee.com/"
                }
            ],
            "description": "Enhanced Yii2 wrapper for the Select2 jQuery plugin (sub repo split from yii2-widgets).",
            "homepage": "https://github.com/kartik-v/yii2-widget-select2",
            "keywords": [
                "dropdown",
                "extension",
                "form",
                "jquery",
                "plugin",
                "select2",
                "widget",
                "yii2"
            ],
            "support": {
                "issues": "https://github.com/kartik-v/yii2-widget-select2/issues",
                "source": "https://github.com/kartik-v/yii2-widget-select2/tree/v2.2.5"
            },
            "funding": [
                {
                    "url": "https://opencollective.com/yii2-widget-select2",
                    "type": "open_collective"
                }
            ],
            "time": "2023-06-22T07:43:31+00:00"
        },
        {
            "name": "select2/select2",
            "version": "4.0.13",
            "source": {
                "type": "git",
                "url": "https://github.com/select2/select2.git",
                "reference": "45f2b83ceed5231afa7b3d5b12b58ad335edd82e"
            },
            "dist": {
                "type": "zip",
                "url": "https://api.github.com/repos/select2/select2/zipball/45f2b83ceed5231afa7b3d5b12b58ad335edd82e",
                "reference": "45f2b83ceed5231afa7b3d5b12b58ad335edd82e",
                "shasum": ""
            },
            "type": "component",
            "extra": {
                "component": {
                    "files": [
                        "dist/js/select2.js",
                        "dist/js/i18n/*.js",
                        "dist/css/select2.css"
                    ],
                    "styles": [
                        "dist/css/select2.css"
                    ],
                    "scripts": [
                        "dist/js/select2.js"
                    ]
                }
            },
            "notification-url": "https://packagist.org/downloads/",
            "license": [
                "MIT"
            ],
            "description": "Select2 is a jQuery based replacement for select boxes.",
            "homepage": "https://select2.org/",
            "support": {
                "issues": "https://github.com/select2/select2/issues",
                "source": "https://github.com/select2/select2/tree/4.0.13"
            },
            "time": "2020-01-28T05:01:22+00:00"
        },
        {
            "name": "twbs/bootstrap",
            "version": "v5.3.8",
            "source": {
                "type": "git",
                "url": "https://github.com/twbs/bootstrap.git",
                "reference": "25aa8cc0b32f0d1a54be575347e6d84b70b1acd7"
            },
            "dist": {
                "type": "zip",
                "url": "https://api.github.com/repos/twbs/bootstrap/zipball/25aa8cc0b32f0d1a54be575347e6d84b70b1acd7",
                "reference": "25aa8cc0b32f0d1a54be575347e6d84b70b1acd7",
                "shasum": ""
            },
            "replace": {
                "twitter/bootstrap": "self.version"
            },
            "type": "library",
            "notification-url": "https://packagist.org/downloads/",
            "license": [
                "MIT"
            ],
            "authors": [
                {
                    "name": "Mark Otto",
                    "email": "markdotto@gmail.com"
                },
                {
                    "name": "Jacob Thornton",
                    "email": "jacobthornton@gmail.com"
                }
            ],
            "description": "The most popular front-end framework for developing responsive, mobile first projects on the web.",
            "homepage": "https://getbootstrap.com/",
            "keywords": [
                "JS",
                "css",
                "framework",
                "front-end",
                "mobile-first",
                "responsive",
                "sass",
                "web"
            ],
            "support": {
                "issues": "https://github.com/twbs/bootstrap/issues",
                "source": "https://github.com/twbs/bootstrap/tree/v5.3.8"
            },
            "time": "2025-08-26T02:01:02+00:00"
        }
    ],
    "packages-dev": [],
    "aliases": [],
    "minimum-stability": "stable",
    "stability-flags": {},
    "prefer-stable": false,
    "prefer-lowest": false,
    "platform": {},
    "platform-dev": {},
    "plugin-api-version": "2.6.0"
}
